
Microsoft Visual Studio Solution File, Format Version 12.00
# Visual Studio Version 16
VisualStudioVersion = 16.0.29613.14
MinimumVisualStudioVersion = 10.0.40219.1
Project("{F184B08F-C81C-45F6-A57F-5ABD9991F28F}") = "WebApplication3", "WebApplication3\WebApplication3.vbproj", "{AFAA97B1-6818-4A3C-8A32-3E3FE79E326E}"
EndProject
Global
	GlobalSection(SolutionConfigurationPlatforms) = preSolution
		Debug|Any CPU = Debug|Any CPU
		Release|Any CPU = Release|Any CPU
	EndGlobalSection
	GlobalSection(ProjectConfigurationPlatforms) = postSolution
		{AFAA97B1-6818-4A3C-8A32-3E3FE79E326E}.Debug|Any CPU.ActiveCfg = Debug|Any CPU
		{AFAA97B1-6818-4A3C-8A32-3E3FE79E326E}.Debug|Any CPU.Build.0 = Debug|Any CPU
		{AFAA97B1-6818-4A3C-8A32-3E3FE79E326E}.Release|Any CPU.ActiveCfg = Release|Any CPU
		{AFAA97B1-6818-4A3C-8A32-3E3FE79E326E}.Release|Any CPU.Build.0 = Release|Any CPU
	EndGlobalSection
	GlobalSection(SolutionProperties) = preSolution
		HideSolutionNode = FALSE
	EndGlobalSection
	GlobalSection(ExtensibilityGlobals) = postSolution
		SolutionGuid = {83312283-F71B-42DA-A7A5-31FCED26D954}
	EndGlobalSection
EndGlobal
